
Microsoft Visual Studio Solution File, Format Version 12.00
# Visual Studio Version 16
VisualStudioVersion = 16.0.29609.76
MinimumVisualStudioVersion = 10.0.40219.1
Project("{9A19103F-16F7-4668-BE54-9A1E7A4F7556}") = "Byndyusoft.Template.Api", "src\Byndyusoft.Template.Api\Byndyusoft.Template.Api.csproj", "{B4720449-2D71-4324-9C13-D5B8EBF1C3BD}"
EndProject
Project("{FAE04EC0-301F-11D3-BF4B-00C04F79EFBC}") = "Byndyusoft.Template.Migrator", "src\Byndyusoft.Template.Migrator\Byndyusoft.Template.Migrator.csproj", "{9B7CE02E-153B-4222-8205-EEE09C1EFE42}"
EndProject
Global
	GlobalSection(SolutionConfigurationPlatforms) = preSolution
		Debug|Any CPU = Debug|Any CPU
		Release|Any CPU = Release|Any CPU
	EndGlobalSection
	GlobalSection(ProjectConfigurationPlatforms) = postSolution
		{B4720449-2D71-4324-9C13-D5B8EBF1C3BD}.Debug|Any CPU.ActiveCfg = Debug|Any CPU
		{B4720449-2D71-4324-9C13-D5B8EBF1C3BD}.Debug|Any CPU.Build.0 = Debug|Any CPU
		{B4720449-2D71-4324-9C13-D5B8EBF1C3BD}.Release|Any CPU.ActiveCfg = Release|Any CPU
		{B4720449-2D71-4324-9C13-D5B8EBF1C3BD}.Release|Any CPU.Build.0 = Release|Any CPU
		{9B7CE02E-153B-4222-8205-EEE09C1EFE42}.Debug|Any CPU.ActiveCfg = Debug|Any CPU
		{9B7CE02E-153B-4222-8205-EEE09C1EFE42}.Debug|Any CPU.Build.0 = Debug|Any CPU
		{9B7CE02E-153B-4222-8205-EEE09C1EFE42}.Release|Any CPU.ActiveCfg = Release|Any CPU
		{9B7CE02E-153B-4222-8205-EEE09C1EFE42}.Release|Any CPU.Build.0 = Release|Any CPU
	EndGlobalSection
	GlobalSection(SolutionProperties) = preSolution
		HideSolutionNode = FALSE
	EndGlobalSection
	GlobalSection(ExtensibilityGlobals) = postSolution
		SolutionGuid = {AAB1B704-54D7-4D72-A8AC-DF021A3E9CAD}
	EndGlobalSection
EndGlobal
